
Microsoft Visual Studio Solution File, Format Version 12.00
# Visual Studio Version 16
VisualStudioVersion = 16.0.30320.27
MinimumVisualStudioVersion = 10.0.40219.1
Project("{FAE04EC0-301F-11D3-BF4B-00C04F79EFBC}") = "DataStructure", "DataStructure\DataStructure.csproj", "{88058F90-20A1-4D51-9875-7624C41F3E83}"
EndProject
Global
	GlobalSection(SolutionConfigurationPlatforms) = preSolution
		Debug|Any CPU = Debug|Any CPU
		Release|Any CPU = Release|Any CPU
	EndGlobalSection
	GlobalSection(ProjectConfigurationPlatforms) = postSolution
		{88058F90-20A1-4D51-9875-7624C41F3E83}.Debug|Any CPU.ActiveCfg = Debug|Any CPU
		{88058F90-20A1-4D51-9875-7624C41F3E83}.Debug|Any CPU.Build.0 = Debug|Any CPU
		{88058F90-20A1-4D51-9875-7624C41F3E83}.Release|Any CPU.ActiveCfg = Release|Any CPU
		{88058F90-20A1-4D51-9875-7624C41F3E83}.Release|Any CPU.Build.0 = Release|Any CPU
	EndGlobalSection
	GlobalSection(SolutionProperties) = preSolution
		HideSolutionNode = FALSE
	EndGlobalSection
	GlobalSection(ExtensibilityGlobals) = postSolution
		SolutionGuid = {C236D748-B062-471C-81AD-D14A31679D45}
	EndGlobalSection
EndGlobal
